{
    "version": 3,
    "terraform_version": "0.11.10",
    "serial": 2,
    "lineage": "dea508aa-bfcf-c4ee-6261-7d40273821ee",
    "modules": [
        {
            "path": [
                "root"
            ],
            "outputs": {},
            "resources": {
                "aws_default_route_table.tf_private_rt": {
                    "type": "aws_default_route_table",
                    "depends_on": [
                        "aws_vpc.tf_vpc"
                    ],
                    "primary": {
                        "id": "rtb-07468a8d4aaa877c0",
                        "attributes": {
                            "default_route_table_id": "rtb-07468a8d4aaa877c0",
                            "id": "rtb-07468a8d4aaa877c0",
                            "propagating_vgws.#": "0",
                            "route.#": "0",
                            "tags.%": "1",
                            "tags.Name": "tf-private",
                            "vpc_id": "vpc-05b9f96e32449afed"
                        },
                        "meta": {},
                        "tainted": false
                    },
                    "deposed": [],
                    "provider": "provider.aws"
                },
                "aws_internet_gateway.tf_internet_gateway": {
                    "type": "aws_internet_gateway",
                    "depends_on": [
                        "aws_vpc.tf_vpc"
                    ],
                    "primary": {
                        "id": "igw-0bf565eb109530c32",
                        "attributes": {
                            "id": "igw-0bf565eb109530c32",
                            "tags.%": "1",
                            "tags.Name": "tf_igw",
                            "vpc_id": "vpc-05b9f96e32449afed"
                        },
                        "meta": {},
                        "tainted": false
                    },
                    "deposed": [],
                    "provider": "provider.aws"
                },
                "aws_route_table.tf_public_rt": {
                    "type": "aws_route_table",
                    "depends_on": [
                        "aws_internet_gateway.tf_internet_gateway",
                        "aws_vpc.tf_vpc"
                    ],
                    "primary": {
                        "id": "rtb-0208ad28476cf42f4",
                        "attributes": {
                            "id": "rtb-0208ad28476cf42f4",
                            "propagating_vgws.#": "0",
                            "route.#": "1",
                            "route.1522044560.cidr_block": "0.0.0.0/0",
                            "route.1522044560.egress_only_gateway_id": "",
                            "route.1522044560.gateway_id": "igw-0bf565eb109530c32",
                            "route.1522044560.instance_id": "",
                            "route.1522044560.ipv6_cidr_block": "",
                            "route.1522044560.nat_gateway_id": "",
                            "route.1522044560.network_interface_id": "",
                            "route.1522044560.transit_gateway_id": "",
                            "route.1522044560.vpc_peering_connection_id": "",
                            "tags.%": "1",
                            "tags.Name": "tf_public",
                            "vpc_id": "vpc-05b9f96e32449afed"
                        },
                        "meta": {},
                        "tainted": false
                    },
                    "deposed": [],
                    "provider": "provider.aws"
                },
                "aws_vpc.tf_vpc": {
                    "type": "aws_vpc",
                    "depends_on": [],
                    "primary": {
                        "id": "vpc-05b9f96e32449afed",
                        "attributes": {
                            "arn": "arn:aws:ec2:us-east-1:981163616923:vpc/vpc-05b9f96e32449afed",
                            "assign_generated_ipv6_cidr_block": "false",
                            "cidr_block": "10.123.0.0/16",
                            "default_network_acl_id": "acl-086bb27c9f160b20d",
                            "default_route_table_id": "rtb-07468a8d4aaa877c0",
                            "default_security_group_id": "sg-0f5911ca75e0ba3ed",
                            "dhcp_options_id": "dopt-4815b433",
                            "enable_classiclink": "false",
                            "enable_classiclink_dns_support": "false",
                            "enable_dns_hostnames": "true",
                            "enable_dns_support": "true",
                            "id": "vpc-05b9f96e32449afed",
                            "instance_tenancy": "default",
                            "ipv6_association_id": "",
                            "ipv6_cidr_block": "",
                            "main_route_table_id": "rtb-07468a8d4aaa877c0",
                            "tags.%": "1",
                            "tags.Name": "tf_vpc"
                        },
                        "meta": {
                            "schema_version": "1"
                        },
                        "tainted": false
                    },
                    "deposed": [],
                    "provider": "provider.aws"
                },
                "data.aws_availability_zones.available": {
                    "type": "aws_availability_zones",
                    "depends_on": [],
                    "primary": {
                        "id": "2018-11-29 21:31:05.87501772 +0000 UTC",
                        "attributes": {
                            "id": "2018-11-29 21:31:05.87501772 +0000 UTC",
                            "names.#": "6",
                            "names.0": "us-east-1a",
                            "names.1": "us-east-1b",
                            "names.2": "us-east-1c",
                            "names.3": "us-east-1d",
                            "names.4": "us-east-1e",
                            "names.5": "us-east-1f"
                        },
                        "meta": {},
                        "tainted": false
                    },
                    "deposed": [],
                    "provider": "provider.aws"
                }
            },
            "depends_on": []
        }
    ]
}
